{
  "name": "ElectricCircuits",
  "version": "0.0.0",
  "lockfileVersion": 1,
  "requires": true,
  "dependencies": {
    "Electricity": {
      "version": "git+ssh://git@github.com/hanyeah/Electricity.git#dbc0d46e49a4996c5da6c4f5e8caf4f6b8d9769b",
      "from": "git+ssh://git@github.com/hanyeah/Electricity.git",
      "requires": {
        "MatrixMath": "git+ssh://git@github.com/hanyeah/MatrixMath.git"
      }
    },
    "MatrixMath": {
      "version": "git+ssh://git@github.com/hanyeah/MatrixMath.git#5b3c347751bbf465740c134c4da1f520f08497d1",
      "from": "git+ssh://git@github.com/hanyeah/MatrixMath.git"
    },
    "PixiTs": {
      "version": "git+ssh://git@github.com/hanyeah/PixiTs.git#96e9b9b1c50048ca35d8a0c90334ffca634fe9ed",
      "from": "git+ssh://git@github.com/hanyeah/PixiTs.git"
    }
  }
}
