{
  "name": "ElectricCircuits",
  "version": "0.0.0",
  "lockfileVersion": 1,
  "requires": true,
  "dependencies": {
    "Electricity": {
      "version": "git+ssh://git@github.com/hanyeah/Electricity.git#8bac5d73e9fca5ed09fd6a85f10d9c4d67202271",
      "from": "git+ssh://git@github.com/hanyeah/Electricity.git",
      "dev": true
    },
    "PixiTs": {
      "version": "git+ssh://git@github.com/hanyeah/PixiTs.git#befe2c1c9de5a87c356c60cf1327460c630e0348",
      "from": "git+ssh://git@github.com/hanyeah/PixiTs.git",
      "dev": true
    }
  }
}
